
Microsoft Visual Studio Solution File, Format Version 12.00
# Visual Studio Version 17
VisualStudioVersion = 17.14.36811.4
MinimumVisualStudioVersion = 10.0.40219.1
Project("{FAE04EC0-301F-11D3-BF4B-00C04F79EFBC}") = "WebAppV1", "WebAppV1\WebAppV1.csproj", "{5CC02F7C-57E7-4227-981E-E596C41C2E7E}"
EndProject
Project("{FAE04EC0-301F-11D3-BF4B-00C04F79EFBC}") = "AppCore", "AppCore\AppCore.csproj", "{D7CC5F51-3D4E-42BC-97A3-B459DCBD946E}"
EndProject
Project("{FAE04EC0-301F-11D3-BF4B-00C04F79EFBC}") = "TestApp1", "TestApp1\TestApp1.csproj", "{B9666983-3FD8-4895-852D-04843BD3F4A7}"
EndProject
Global
	GlobalSection(SolutionConfigurationPlatforms) = preSolution
		Debug|Any CPU = Debug|Any CPU
		Release|Any CPU = Release|Any CPU
	EndGlobalSection
	GlobalSection(ProjectConfigurationPlatforms) = postSolution
		{5CC02F7C-57E7-4227-981E-E596C41C2E7E}.Debug|Any CPU.ActiveCfg = Debug|Any CPU
		{5CC02F7C-57E7-4227-981E-E596C41C2E7E}.Debug|Any CPU.Build.0 = Debug|Any CPU
		{5CC02F7C-57E7-4227-981E-E596C41C2E7E}.Release|Any CPU.ActiveCfg = Release|Any CPU
		{5CC02F7C-57E7-4227-981E-E596C41C2E7E}.Release|Any CPU.Build.0 = Release|Any CPU
		{D7CC5F51-3D4E-42BC-97A3-B459DCBD946E}.Debug|Any CPU.ActiveCfg = Debug|Any CPU
		{D7CC5F51-3D4E-42BC-97A3-B459DCBD946E}.Debug|Any CPU.Build.0 = Debug|Any CPU
		{D7CC5F51-3D4E-42BC-97A3-B459DCBD946E}.Release|Any CPU.ActiveCfg = Release|Any CPU
		{D7CC5F51-3D4E-42BC-97A3-B459DCBD946E}.Release|Any CPU.Build.0 = Release|Any CPU
		{B9666983-3FD8-4895-852D-04843BD3F4A7}.Debug|Any CPU.ActiveCfg = Debug|Any CPU
		{B9666983-3FD8-4895-852D-04843BD3F4A7}.Debug|Any CPU.Build.0 = Debug|Any CPU
		{B9666983-3FD8-4895-852D-04843BD3F4A7}.Release|Any CPU.ActiveCfg = Release|Any CPU
		{B9666983-3FD8-4895-852D-04843BD3F4A7}.Release|Any CPU.Build.0 = Release|Any CPU
	EndGlobalSection
	GlobalSection(SolutionProperties) = preSolution
		HideSolutionNode = FALSE
	EndGlobalSection
	GlobalSection(ExtensibilityGlobals) = postSolution
		SolutionGuid = {D8A5DE2E-D0E3-44AA-9EF2-B3B022804C5B}
	EndGlobalSection
EndGlobal
